<?xml version="1.0" encoding="utf-8"?>
<Project ToolsVersion="4.0" xmlns="http://schemas.microsoft.com/developer/msbuild/2003">
  <ItemGroup>
    <Filter Include="Source Files">
      <UniqueIdentifier>{4FC737F1-C7A5-4376-A066-2A32D752A2FF}</UniqueIdentifier>
      <Extensions>cpp;c;cc;cxx;c++;cppm;ixx;def;odl;idl;hpj;bat;asm;asmx</Extensions>
    </Filter>
    <Filter Include="Header Files">
      <UniqueIdentifier>{93995380-89BD-4b04-88EB-625FBE52EBFB}</UniqueIdentifier>
      <Extensions>h;hh;hpp;hxx;h++;hm;inl;inc;ipp;xsd</Extensions>
    </Filter>
    <Filter Include="Resource Files">
      <UniqueIdentifier>{67DA6AB6-F800-4c08-8B7A-83BB121AAD01}</UniqueIdentifier>
      <Extensions>rc;ico;cur;bmp;dlg;rc2;rct;bin;rgs;gif;jpg;jpeg;jpe;resx;tiff;tif;png;wav;mfcribbon-ms</Extensions>
    </Filter>
    <Filter Include="Source Files\frames">
      <UniqueIdentifier>{1e6823fc-c55b-4ff2-8bc2-d8c5d58bdc73}</UniqueIdentifier>
    </Filter>
    <Filter Include="Header Files\frames">
      <UniqueIdentifier>{1fcb25c3-a5d0-44bc-a4e9-4e092ad1f57e}</UniqueIdentifier>
    </Filter>
    <Filter Include="Header Files\tools">
      <UniqueIdentifier>{6275dce7-fa9e-4b9a-8130-9dc4760c9cba}</UniqueIdentifier>
    </Filter>
    <Filter Include="Source Files\tools">
      <UniqueIdentifier>{e36b77d3-618a-4f50-b5f9-aed349caecf3}</UniqueIdentifier>
    </Filter>
  </ItemGroup>
  <ItemGroup>
    <ClCompile Include="Main.cpp">
      <Filter>Source Files</Filter>
    </ClCompile>
    <ClCompile Include="src\frames\mainframe\mainframe.cpp">
      <Filter>Source Files</Filter>
    </ClCompile>
    <ClCompile Include="src\tools\usb\usb.cpp">
      <Filter>Source Files</Filter>
    </ClCompile>
    <ClCompile Include="src\tools\modbus\modbus.cpp">
      <Filter>Source Files</Filter>
    </ClCompile>
    <ClCompile Include="src\frames\connectframe\connectframe.cpp">
      <Filter>Source Files</Filter>
    </ClCompile>
    <ClCompile Include="src\tools\wxplot\wxplot.cpp">
      <Filter>Source Files</Filter>
    </ClCompile>
    <ClCompile Include="src\tools\wxplot\plots\plottypes\line\line.cpp">
      <Filter>Source Files</Filter>
    </ClCompile>
    <ClCompile Include="src\tools\wxplot\plots\plotfigures\standard\standard.cpp">
      <Filter>Source Files</Filter>
    </ClCompile>
    <ClCompile Include="src\tools\wxplot\plots\plots.cpp">
      <Filter>Source Files</Filter>
    </ClCompile>
    <ClCompile Include="src\tools\wxplot\plots\plottypes\plottypes.cpp">
      <Filter>Source Files</Filter>
    </ClCompile>
    <ClCompile Include="src\tools\wxplot\plots\plotfigures\plotfigures.cpp">
      <Filter>Source Files</Filter>
    </ClCompile>
    <ClCompile Include="src\tools\wxplot\plots\plottypes\scatter\scatter.cpp">
      <Filter>Source Files</Filter>
    </ClCompile>
  </ItemGroup>
  <ItemGroup>
    <ClInclude Include="Main.h">
      <Filter>Header Files</Filter>
    </ClInclude>
    <ClInclude Include="src\frames\mainframe\mainframe.h">
      <Filter>Header Files\frames</Filter>
    </ClInclude>
    <ClInclude Include="src\tools\usb\usb.h">
      <Filter>Header Files</Filter>
    </ClInclude>
    <ClInclude Include="src\tools\modbus\modbus.h">
      <Filter>Header Files</Filter>
    </ClInclude>
    <ClInclude Include="src\frames\connectframe\connectframe.h">
      <Filter>Header Files</Filter>
    </ClInclude>
    <ClInclude Include="src\tools\wxplot\wxplot.h">
      <Filter>Header Files</Filter>
    </ClInclude>
    <ClInclude Include="src\tools\wxplot\plots\plottypes\line\line.h">
      <Filter>Header Files</Filter>
    </ClInclude>
    <ClInclude Include="src\tools\wxplot\plots\plotfigures\standard\standard.h">
      <Filter>Header Files</Filter>
    </ClInclude>
    <ClInclude Include="src\tools\wxplot\plots\plotfigures\plotfigures.h">
      <Filter>Header Files</Filter>
    </ClInclude>
    <ClInclude Include="src\tools\wxplot\plots\plottypes\plottypes.h">
      <Filter>Header Files</Filter>
    </ClInclude>
    <ClInclude Include="src\tools\wxplot\plots\plots.h">
      <Filter>Header Files</Filter>
    </ClInclude>
    <ClInclude Include="src\tools\wxplot\plots\plottypes\scatter\scatter.h">
      <Filter>Header Files</Filter>
    </ClInclude>
    <ClInclude Include="src\tools\wxplot\plots\plottools\plottools.h">
      <Filter>Header Files</Filter>
    </ClInclude>
    <ClInclude Include="src\tools\wxplot\plots\plottools\lists\colours.h">
      <Filter>Header Files</Filter>
    </ClInclude>
    <ClInclude Include="src\tools\wxplot\plots\plottools\enums\plottypes.h">
      <Filter>Header Files</Filter>
    </ClInclude>
  </ItemGroup>
</Project>