<?xml version="1.0" encoding="utf-8"?>
<Project ToolsVersion="4.0" xmlns="http://schemas.microsoft.com/developer/msbuild/2003">
  <ItemGroup>
    <Filter Include="Source Files">
      <UniqueIdentifier>{4FC737F1-C7A5-4376-A066-2A32D752A2FF}</UniqueIdentifier>
      <Extensions>cpp;c;cc;cxx;c++;cppm;ixx;def;odl;idl;hpj;bat;asm;asmx</Extensions>
    </Filter>
    <Filter Include="Header Files">
      <UniqueIdentifier>{93995380-89BD-4b04-88EB-625FBE52EBFB}</UniqueIdentifier>
      <Extensions>h;hh;hpp;hxx;h++;hm;inl;inc;ipp;xsd</Extensions>
    </Filter>
    <Filter Include="Resource Files">
      <UniqueIdentifier>{67DA6AB6-F800-4c08-8B7A-83BB121AAD01}</UniqueIdentifier>
      <Extensions>rc;ico;cur;bmp;dlg;rc2;rct;bin;rgs;gif;jpg;jpeg;jpe;resx;tiff;tif;png;wav;mfcribbon-ms</Extensions>
    </Filter>
    <Filter Include="Source Files\frames">
      <UniqueIdentifier>{1e6823fc-c55b-4ff2-8bc2-d8c5d58bdc73}</UniqueIdentifier>
    </Filter>
    <Filter Include="Header Files\frames">
      <UniqueIdentifier>{1fcb25c3-a5d0-44bc-a4e9-4e092ad1f57e}</UniqueIdentifier>
    </Filter>
    <Filter Include="Header Files\tools">
      <UniqueIdentifier>{6275dce7-fa9e-4b9a-8130-9dc4760c9cba}</UniqueIdentifier>
    </Filter>
    <Filter Include="Source Files\tools">
      <UniqueIdentifier>{e36b77d3-618a-4f50-b5f9-aed349caecf3}</UniqueIdentifier>
    </Filter>
  </ItemGroup>
  <ItemGroup>
    <ClCompile Include="Main.cpp">
      <Filter>Source Files</Filter>
    </ClCompile>
    <ClCompile Include="src\frames\mainframe\mainframe.cpp">
      <Filter>Source Files</Filter>
    </ClCompile>
    <ClCompile Include="src\tools\usb\usb.cpp">
      <Filter>Source Files</Filter>
    </ClCompile>
    <ClCompile Include="src\frames\connectframe\connectframe.cpp">
      <Filter>Source Files</Filter>
    </ClCompile>
    <ClCompile Include="src\tools\wxplot\wxplot.cpp">
      <Filter>Source Files</Filter>
    </ClCompile>
    <ClCompile Include="src\tools\wxplot\plots\plottypes\2D\line\line.cpp">
      <Filter>Source Files</Filter>
    </ClCompile>
    <ClCompile Include="src\tools\wxplot\plots\plotfigures\2D\proportional\proportional.cpp">
      <Filter>Source Files</Filter>
    </ClCompile>
    <ClCompile Include="src\tools\wxplot\plots\plots.cpp">
      <Filter>Source Files</Filter>
    </ClCompile>
    <ClCompile Include="src\tools\wxplot\plots\plottypes\plottypes.cpp">
      <Filter>Source Files</Filter>
    </ClCompile>
    <ClCompile Include="src\tools\wxplot\plots\plotfigures\plotfigures.cpp">
      <Filter>Source Files</Filter>
    </ClCompile>
    <ClCompile Include="src\tools\wxplot\plots\plottypes\2D\scatter\scatter.cpp">
      <Filter>Source Files</Filter>
    </ClCompile>
    <ClCompile Include="src\tools\wxplot\plots\plottools\functions\functions.cpp">
      <Filter>Source Files</Filter>
    </ClCompile>
    <ClCompile Include="src\tools\wxplot\plots\plottypes\2D\spline\spline.cpp">
      <Filter>Source Files</Filter>
    </ClCompile>
    <ClCompile Include="src\tools\wxplot\plots\plotfigures\2D\2Dfigure.cpp">
      <Filter>Source Files</Filter>
    </ClCompile>
    <ClCompile Include="src\tools\wxplot\plots\plottypes\2D\2Dtype.cpp">
      <Filter>Source Files</Filter>
    </ClCompile>
    <ClCompile Include="src\tools\wxplot\plots\plotfigures\2D\histogram\histogram.cpp">
      <Filter>Source Files</Filter>
    </ClCompile>
    <ClCompile Include="src\tools\wxplot\plots\plottypes\2D\bar\bar.cpp">
      <Filter>Source Files</Filter>
    </ClCompile>
    <ClCompile Include="src\tools\modbus\nanomodbus\nanomodbus.cpp">
      <Filter>Source Files</Filter>
    </ClCompile>
    <ClCompile Include="src\frames\controlframe\controlframe.cpp">
      <Filter>Source Files</Filter>
    </ClCompile>
    <ClCompile Include="src\tools\communication\communication.cpp">
      <Filter>Source Files</Filter>
    </ClCompile>
    <ClCompile Include="src\tools\conversions\conversions.cpp">
      <Filter>Source Files</Filter>
    </ClCompile>
    <ClCompile Include="src\frames\modbusframe\modbusframe.cpp">
      <Filter>Source Files</Filter>
    </ClCompile>
    <ClCompile Include="src\tools\modbus\nanomodbus\nanomodbus.cpp">
      <Filter>Source Files</Filter>
    </ClCompile>
    <ClCompile Include="src\tools\modbus\modbus.cpp">
      <Filter>Source Files</Filter>
    </ClCompile>
    <ClCompile Include="src\tools\modbus\modbusclient.cpp">
      <Filter>Source Files</Filter>
    </ClCompile>
    <ClCompile Include="src\tools\modbus\modbusserver.cpp">
      <Filter>Source Files</Filter>
    </ClCompile>
    <ClCompile Include="src\frames\toolsframe\gridframe\gridframe.cpp">
      <Filter>Source Files</Filter>
    </ClCompile>
    <ClCompile Include="src\frames\toolsframe\vectortools\vectortools.cpp">
      <Filter>Source Files</Filter>
    </ClCompile>
  </ItemGroup>
  <ItemGroup>
    <ClInclude Include="Main.h">
      <Filter>Header Files</Filter>
    </ClInclude>
    <ClInclude Include="src\frames\mainframe\mainframe.h">
      <Filter>Header Files\frames</Filter>
    </ClInclude>
    <ClInclude Include="src\tools\usb\usb.h">
      <Filter>Header Files</Filter>
    </ClInclude>
    <ClInclude Include="src\tools\modbus\modbusclient.h">
      <Filter>Header Files</Filter>
    </ClInclude>
    <ClInclude Include="src\frames\connectframe\connectframe.h">
      <Filter>Header Files</Filter>
    </ClInclude>
    <ClInclude Include="src\tools\wxplot\wxplot.h">
      <Filter>Header Files</Filter>
    </ClInclude>
    <ClInclude Include="src\tools\wxplot\plots\plottypes\2D\line\line.h">
      <Filter>Header Files</Filter>
    </ClInclude>
    <ClInclude Include="src\tools\wxplot\plots\plotfigures\2D\proportional\proportional.h">
      <Filter>Header Files</Filter>
    </ClInclude>
    <ClInclude Include="src\tools\wxplot\plots\plotfigures\plotfigures.h">
      <Filter>Header Files</Filter>
    </ClInclude>
    <ClInclude Include="src\tools\wxplot\plots\plottypes\plottypes.h">
      <Filter>Header Files</Filter>
    </ClInclude>
    <ClInclude Include="src\tools\wxplot\plots\plots.h">
      <Filter>Header Files</Filter>
    </ClInclude>
    <ClInclude Include="src\tools\wxplot\plots\plottypes\2D\scatter\scatter.h">
      <Filter>Header Files</Filter>
    </ClInclude>
    <ClInclude Include="src\tools\wxplot\plots\plottools\plottools.h">
      <Filter>Header Files</Filter>
    </ClInclude>
    <ClInclude Include="src\tools\wxplot\plots\plottools\lists\colours.h">
      <Filter>Header Files</Filter>
    </ClInclude>
    <ClInclude Include="src\tools\wxplot\plots\plottools\enums\plottypes.h">
      <Filter>Header Files</Filter>
    </ClInclude>
    <ClInclude Include="src\tools\wxplot\plots\plottools\functions\functions.h">
      <Filter>Header Files</Filter>
    </ClInclude>
    <ClInclude Include="src\tools\wxplot\plots\plottypes\2D\spline\spline.h">
      <Filter>Header Files</Filter>
    </ClInclude>
    <ClInclude Include="src\tools\wxplot\plots\plottools\enums\placements.h">
      <Filter>Header Files</Filter>
    </ClInclude>
    <ClInclude Include="src\tools\wxplot\plots\plotfigures\2D\2Dfigure.h">
      <Filter>Header Files</Filter>
    </ClInclude>
    <ClInclude Include="src\tools\wxplot\plots\plottypes\2D\2Dtype.h">
      <Filter>Header Files</Filter>
    </ClInclude>
    <ClInclude Include="src\tools\wxplot\plots\plottools\enums\plotfigures.h">
      <Filter>Header Files</Filter>
    </ClInclude>
    <ClInclude Include="src\tools\wxplot\plots\plotfigures\2D\histogram\histogram.hpp">
      <Filter>Header Files</Filter>
    </ClInclude>
    <ClInclude Include="src\tools\wxplot\plots\plotfigures\2D\proportional\proportional.hpp">
      <Filter>Header Files</Filter>
    </ClInclude>
    <ClInclude Include="src\tools\wxplot\plots\plotfigures\2D\2Dfigure.hpp">
      <Filter>Header Files</Filter>
    </ClInclude>
    <ClInclude Include="src\tools\wxplot\plots\plotfigures\plotfigures.hpp">
      <Filter>Header Files</Filter>
    </ClInclude>
    <ClInclude Include="src\tools\wxplot\plots\plottools\enums\placements.hpp">
      <Filter>Header Files</Filter>
    </ClInclude>
    <ClInclude Include="src\tools\wxplot\plots\plottools\enums\plotfigures.hpp">
      <Filter>Header Files</Filter>
    </ClInclude>
    <ClInclude Include="src\tools\wxplot\plots\plottools\enums\plottypes.hpp">
      <Filter>Header Files</Filter>
    </ClInclude>
    <ClInclude Include="src\tools\wxplot\plots\plottools\functions\functions.hpp">
      <Filter>Header Files</Filter>
    </ClInclude>
    <ClInclude Include="src\tools\wxplot\plots\plottools\lists\colours.hpp">
      <Filter>Header Files</Filter>
    </ClInclude>
    <ClInclude Include="src\tools\wxplot\plots\plottools\plottools.hpp">
      <Filter>Header Files</Filter>
    </ClInclude>
    <ClInclude Include="src\tools\wxplot\plots\plottypes\2D\bar\bar.hpp">
      <Filter>Header Files</Filter>
    </ClInclude>
    <ClInclude Include="src\tools\wxplot\plots\plottypes\2D\line\line.hpp">
      <Filter>Header Files</Filter>
    </ClInclude>
    <ClInclude Include="src\tools\wxplot\plots\plottypes\2D\scatter\scatter.hpp">
      <Filter>Header Files</Filter>
    </ClInclude>
    <ClInclude Include="src\tools\wxplot\plots\plottypes\2D\spline\spline.hpp">
      <Filter>Header Files</Filter>
    </ClInclude>
    <ClInclude Include="src\tools\wxplot\plots\plottypes\2D\2Dtype.hpp">
      <Filter>Header Files</Filter>
    </ClInclude>
    <ClInclude Include="src\tools\wxplot\plots\plottypes\plottypes.hpp">
      <Filter>Header Files</Filter>
    </ClInclude>
    <ClInclude Include="src\tools\wxplot\plots\plots.hpp">
      <Filter>Header Files</Filter>
    </ClInclude>
    <ClInclude Include="src\tools\wxplot\wxplot.hpp">
      <Filter>Header Files</Filter>
    </ClInclude>
    <ClInclude Include="src\tools\modbus\nanomodbus\nanomodbus.h">
      <Filter>Header Files</Filter>
    </ClInclude>
    <ClInclude Include="src\tools\tools.h">
      <Filter>Header Files</Filter>
    </ClInclude>
    <ClInclude Include="src\frames\frames.h">
      <Filter>Header Files</Filter>
    </ClInclude>
    <ClInclude Include="src\frames\controlframe\controlframe.h">
      <Filter>Header Files</Filter>
    </ClInclude>
    <ClInclude Include="src\tools\communication\communication.h">
      <Filter>Header Files</Filter>
    </ClInclude>
    <ClInclude Include="src\tools\conversions\conversions.h">
      <Filter>Header Files</Filter>
    </ClInclude>
    <ClInclude Include="src\frames\modbusframe\modbusframe.h">
      <Filter>Header Files</Filter>
    </ClInclude>
    <ClInclude Include="src\tools\modbus\modbusserver.h">
      <Filter>Header Files</Filter>
    </ClInclude>
    <ClInclude Include="src\tools\modbus\modbus.h">
      <Filter>Header Files</Filter>
    </ClInclude>
    <ClInclude Include="src\frames\toolsframe\gridframe\gridframe.h">
      <Filter>Header Files</Filter>
    </ClInclude>
    <ClInclude Include="src\frames\toolsframe\toolsframe.h">
      <Filter>Header Files</Filter>
    </ClInclude>
    <ClInclude Include="src\frames\toolsframe\vectortools\vectortools.h">
      <Filter>Header Files</Filter>
    </ClInclude>
  </ItemGroup>
</Project>